
Microsoft Visual Studio Solution File, Format Version 12.00
# Visual Studio Version 17
VisualStudioVersion = 17.6.33801.468
MinimumVisualStudioVersion = 10.0.40219.1
Project("{FAE04EC0-301F-11D3-BF4B-00C04F79EFBC}") = "QueueClient", "QueueClient.csproj", "{EDAC37C4-8CBB-4643-9165-9FC49D42DB61}"
EndProject
Project("{FAE04EC0-301F-11D3-BF4B-00C04F79EFBC}") = "HighThroughputQueue", "..\HighThroughputQueue\HighThroughputQueue.csproj", "{F4E4CB59-B093-4CF6-A94B-7FB025C87833}"
EndProject
Project("{FAE04EC0-301F-11D3-BF4B-00C04F79EFBC}") = "Core", "..\Core\Core.csproj", "{CEEC5148-4047-4A2A-916B-031425257FC6}"
EndProject
Global
	GlobalSection(SolutionConfigurationPlatforms) = preSolution
		Debug|Any CPU = Debug|Any CPU
		Release|Any CPU = Release|Any CPU
	EndGlobalSection
	GlobalSection(ProjectConfigurationPlatforms) = postSolution
		{EDAC37C4-8CBB-4643-9165-9FC49D42DB61}.Debug|Any CPU.ActiveCfg = Debug|Any CPU
		{EDAC37C4-8CBB-4643-9165-9FC49D42DB61}.Debug|Any CPU.Build.0 = Debug|Any CPU
		{EDAC37C4-8CBB-4643-9165-9FC49D42DB61}.Release|Any CPU.ActiveCfg = Release|Any CPU
		{EDAC37C4-8CBB-4643-9165-9FC49D42DB61}.Release|Any CPU.Build.0 = Release|Any CPU
		{F4E4CB59-B093-4CF6-A94B-7FB025C87833}.Debug|Any CPU.ActiveCfg = Debug|Any CPU
		{F4E4CB59-B093-4CF6-A94B-7FB025C87833}.Debug|Any CPU.Build.0 = Debug|Any CPU
		{F4E4CB59-B093-4CF6-A94B-7FB025C87833}.Release|Any CPU.ActiveCfg = Release|Any CPU
		{F4E4CB59-B093-4CF6-A94B-7FB025C87833}.Release|Any CPU.Build.0 = Release|Any CPU
		{CEEC5148-4047-4A2A-916B-031425257FC6}.Debug|Any CPU.ActiveCfg = Debug|Any CPU
		{CEEC5148-4047-4A2A-916B-031425257FC6}.Debug|Any CPU.Build.0 = Debug|Any CPU
		{CEEC5148-4047-4A2A-916B-031425257FC6}.Release|Any CPU.ActiveCfg = Release|Any CPU
		{CEEC5148-4047-4A2A-916B-031425257FC6}.Release|Any CPU.Build.0 = Release|Any CPU
	EndGlobalSection
	GlobalSection(SolutionProperties) = preSolution
		HideSolutionNode = FALSE
	EndGlobalSection
	GlobalSection(ExtensibilityGlobals) = postSolution
		SolutionGuid = {FCEE697A-9493-442F-B363-E3F15754D0B6}
	EndGlobalSection
EndGlobal
